
Microsoft Visual Studio Solution File, Format Version 12.00
# Visual Studio Version 17
VisualStudioVersion = 17.5.33516.290
MinimumVisualStudioVersion = 10.0.40219.1
Project("{FAE04EC0-301F-11D3-BF4B-00C04F79EFBC}") = "RoleAuth", "RoleAuth\RoleAuth.csproj", "{33481894-E061-4005-A8E6-3D4E0FEBA06D}"
EndProject
Global
	GlobalSection(SolutionConfigurationPlatforms) = preSolution
		Debug|Any CPU = Debug|Any CPU
		Release|Any CPU = Release|Any CPU
	EndGlobalSection
	GlobalSection(ProjectConfigurationPlatforms) = postSolution
		{33481894-E061-4005-A8E6-3D4E0FEBA06D}.Debug|Any CPU.ActiveCfg = Debug|Any CPU
		{33481894-E061-4005-A8E6-3D4E0FEBA06D}.Debug|Any CPU.Build.0 = Debug|Any CPU
		{33481894-E061-4005-A8E6-3D4E0FEBA06D}.Release|Any CPU.ActiveCfg = Release|Any CPU
		{33481894-E061-4005-A8E6-3D4E0FEBA06D}.Release|Any CPU.Build.0 = Release|Any CPU
	EndGlobalSection
	GlobalSection(SolutionProperties) = preSolution
		HideSolutionNode = FALSE
	EndGlobalSection
	GlobalSection(ExtensibilityGlobals) = postSolution
		SolutionGuid = {8A0B69D0-A161-4C77-A860-417954ECC436}
	EndGlobalSection
EndGlobal
